{
  "requires": true,
  "lockfileVersion": 1,
  "dependencies": {
    "leaflet": {
      "version": "1.7.1",
      "resolved": "https://registry.npmjs.org/leaflet/-/leaflet-1.7.1.tgz",
      "integrity": "sha512-/xwPEBidtg69Q3HlqPdU3DnrXQOvQU/CCHA1tcDQVzOwm91YMYaILjNp7L4Eaw5Z4sOYdbBz6koWyibppd8Zqw=="
    },
    "leaflet-arrowheads": {
      "version": "1.2.3",
      "resolved": "https://registry.npmjs.org/leaflet-arrowheads/-/leaflet-arrowheads-1.2.3.tgz",
      "integrity": "sha512-AbsMcGLQv+X2vc3sVQrdl9GHB6uNRqJT8yKg9HAy0pq5Vuy0drJufTbD7H0sixx3F/ylR5zOA8hXIojyZXPxhA==",
      "requires": {
        "leaflet": "^1.6.0",
        "leaflet-geometryutil": "^0.9.3"
      }
    },
    "leaflet-geometryutil": {
      "version": "0.9.3",
      "resolved": "https://registry.npmjs.org/leaflet-geometryutil/-/leaflet-geometryutil-0.9.3.tgz",
      "integrity": "sha512-Wi6YvfNx/Xu9q35AEfXpsUXmIFLen/MO+C2qimxHRnjyeyOxBhdcZa6kSiReaOX0cGK7yQInqrzz0dkIqZ8Dpg==",
      "requires": {
        "leaflet": ">=0.7.0"
      }
    }
  }
}
